// !$*UTF8*$!
{
	archiveVersion = 1;
	classes = {
	};
	objectVersion = 55;
	objects = {

/* Begin PBXBuildFile section */
		3027BC0E28801E3E0021DDEB /* HomeData+CoreDataClass.swift in Sources */ = {isa = PBXBuildFile; fileRef = 3027BC0C28801E3E0021DDEB /* HomeData+CoreDataClass.swift */; };
		3027BC0F28801E3E0021DDEB /* HomeData+CoreDataProperties.swift in Sources */ = {isa = PBXBuildFile; fileRef = 3027BC0D28801E3E0021DDEB /* HomeData+CoreDataProperties.swift */; };
		3027BC1128801FFF0021DDEB /* TableViewCell.swift in Sources */ = {isa = PBXBuildFile; fileRef = 3027BC1028801FFF0021DDEB /* TableViewCell.swift */; };
		3083FC66288017BD00DC67A9 /* AppDelegate.swift in Sources */ = {isa = PBXBuildFile; fileRef = 3083FC65288017BD00DC67A9 /* AppDelegate.swift */; };
		3083FC68288017BD00DC67A9 /* SceneDelegate.swift in Sources */ = {isa = PBXBuildFile; fileRef = 3083FC67288017BD00DC67A9 /* SceneDelegate.swift */; };
		3083FC6A288017BD00DC67A9 /* ViewController.swift in Sources */ = {isa = PBXBuildFile; fileRef = 3083FC69288017BD00DC67A9 /* ViewController.swift */; };
		3083FC6D288017BD00DC67A9 /* Main.storyboard in Resources */ = {isa = PBXBuildFile; fileRef = 3083FC6B288017BD00DC67A9 /* Main.storyboard */; };
		3083FC70288017BD00DC67A9 /* Download_image_from_url_and_fetch_in_core_data.xcdatamodeld in Sources */ = {isa = PBXBuildFile; fileRef = 3083FC6E288017BD00DC67A9 /* Download_image_from_url_and_fetch_in_core_data.xcdatamodeld */; };
		3083FC72288017C100DC67A9 /* Assets.xcassets in Resources */ = {isa = PBXBuildFile; fileRef = 3083FC71288017C100DC67A9 /* Assets.xcassets */; };
		3083FC75288017C100DC67A9 /* LaunchScreen.storyboard in Resources */ = {isa = PBXBuildFile; fileRef = 3083FC73288017C100DC67A9 /* LaunchScreen.storyboard */; };
		84FA2ACEDC9E2B4119D901D3 /* Pods_Download_image_from_url_and_fetch_in_core_data.framework in Frameworks */ = {isa = PBXBuildFile; fileRef = 240B6647DAC4FDA5D18C8EF9 /* Pods_Download_image_from_url_and_fetch_in_core_data.framework */; };
/* End PBXBuildFile section */

/* Begin PBXFileReference section */
		240B6647DAC4FDA5D18C8EF9 /* Pods_Download_image_from_url_and_fetch_in_core_data.framework */ = {isa = PBXFileReference; explicitFileType = wrapper.framework; includeInIndex = 0; path = Pods_Download_image_from_url_and_fetch_in_core_data.framework; sourceTree = BUILT_PRODUCTS_DIR; };
		3027BC0C28801E3E0021DDEB /* HomeData+CoreDataClass.swift */ = {isa = PBXFileReference; lastKnownFileType = sourcecode.swift; path = "HomeData+CoreDataClass.swift"; sourceTree = SOURCE_ROOT; };
		3027BC0D28801E3E0021DDEB /* HomeData+CoreDataProperties.swift */ = {isa = PBXFileReference; lastKnownFileType = sourcecode.swift; path = "HomeData+CoreDataProperties.swift"; sourceTree = SOURCE_ROOT; };
		3027BC1028801FFF0021DDEB /* TableViewCell.swift */ = {isa = PBXFileReference; lastKnownFileType = sourcecode.swift; path = TableViewCell.swift; sourceTree = "<group>"; };
		3083FC62288017BD00DC67A9 /* Download image from url and fetch in core data.app */ = {isa = PBXFileReference; explicitFileType = wrapper.application; includeInIndex = 0; path = "Download image from url and fetch in core data.app"; sourceTree = BUILT_PRODUCTS_DIR; };
		3083FC65288017BD00DC67A9 /* AppDelegate.swift */ = {isa = PBXFileReference; lastKnownFileType = sourcecode.swift; path = AppDelegate.swift; sourceTree = "<group>"; };
		3083FC67288017BD00DC67A9 /* SceneDelegate.swift */ = {isa = PBXFileReference; lastKnownFileType = sourcecode.swift; path = SceneDelegate.swift; sourceTree = "<group>"; };
		3083FC69288017BD00DC67A9 /* ViewController.swift */ = {isa = PBXFileReference; lastKnownFileType = sourcecode.swift; path = ViewController.swift; sourceTree = "<group>"; };
		3083FC6C288017BD00DC67A9 /* Base */ = {isa = PBXFileReference; lastKnownFileType = file.storyboard; name = Base; path = Base.lproj/Main.storyboard; sourceTree = "<group>"; };
		3083FC6F288017BD00DC67A9 /* Download_image_from_url_and_fetch_in_core_data.xcdatamodel */ = {isa = PBXFileReference; lastKnownFileType = wrapper.xcdatamodel; path = Download_image_from_url_and_fetch_in_core_data.xcdatamodel; sourceTree = "<group>"; };
		3083FC71288017C100DC67A9 /* Assets.xcassets */ = {isa = PBXFileReference; lastKnownFileType = folder.assetcatalog; path = Assets.xcassets; sourceTree = "<group>"; };
		3083FC74288017C100DC67A9 /* Base */ = {isa = PBXFileReference; lastKnownFileType = file.storyboard; name = Base; path = Base.lproj/LaunchScreen.storyboard; sourceTree = "<group>"; };
		3083FC76288017C100DC67A9 /* Info.plist */ = {isa = PBXFileReference; lastKnownFileType = text.plist.xml; path = Info.plist; sourceTree = "<group>"; };
		A115924F7C64A085B604B3F0 /* Pods-Download image from url and fetch in core data.debug.xcconfig */ = {isa = PBXFileReference; includeInIndex = 1; lastKnownFileType = text.xcconfig; name = "Pods-Download image from url and fetch in core data.debug.xcconfig"; path = "Target Support Files/Pods-Download image from url and fetch in core data/Pods-Download image from url and fetch in core data.debug.xcconfig"; sourceTree = "<group>"; };
		F1FBDD1ADA4BD84CDC902499 /* Pods-Download image from url and fetch in core data.release.xcconfig */ = {isa = PBXFileReference; includeInIndex = 1; lastKnownFileType = text.xcconfig; name = "Pods-Download image from url and fetch in core data.release.xcconfig"; path = "Target Support Files/Pods-Download image from url and fetch in core data/Pods-Download image from url and fetch in core data.release.xcconfig"; sourceTree = "<group>"; };
/* End PBXFileReference section */

/* Begin PBXFrameworksBuildPhase section */
		3083FC5F288017BD00DC67A9 /* Frameworks */ = {
			isa = PBXFrameworksBuildPhase;
			buildActionMask = 2147483647;
			files = (
				84FA2ACEDC9E2B4119D901D3 /* Pods_Download_image_from_url_and_fetch_in_core_data.framework in Frameworks */,
			);
			runOnlyForDeploymentPostprocessing = 0;
		};
/* End PBXFrameworksBuildPhase section */

/* Begin PBXGroup section */
		0E2D0277DD024B498C66BD22 /* Frameworks */ = {
			isa = PBXGroup;
			children = (
				240B6647DAC4FDA5D18C8EF9 /* Pods_Download_image_from_url_and_fetch_in_core_data.framework */,
			);
			name = Frameworks;
			sourceTree = "<group>";
		};
		3083FC59288017BD00DC67A9 = {
			isa = PBXGroup;
			children = (
				3083FC64288017BD00DC67A9 /* Download image from url and fetch in core data */,
				3083FC63288017BD00DC67A9 /* Products */,
				65F9ADB7E4CAC260BFAFA5AB /* Pods */,
				0E2D0277DD024B498C66BD22 /* Frameworks */,
			);
			sourceTree = "<group>";
		};
		3083FC63288017BD00DC67A9 /* Products */ = {
			isa = PBXGroup;
			children = (
				3083FC62288017BD00DC67A9 /* Download image from url and fetch in core data.app */,
			);
			name = Products;
			sourceTree = "<group>";
		};
		3083FC64288017BD00DC67A9 /* Download image from url and fetch in core data */ = {
			isa = PBXGroup;
			children = (
				3027BC0C28801E3E0021DDEB /* HomeData+CoreDataClass.swift */,
				3027BC0D28801E3E0021DDEB /* HomeData+CoreDataProperties.swift */,
				3083FC65288017BD00DC67A9 /* AppDelegate.swift */,
				3083FC67288017BD00DC67A9 /* SceneDelegate.swift */,
				3083FC69288017BD00DC67A9 /* ViewController.swift */,
				3083FC6B288017BD00DC67A9 /* Main.storyboard */,
				3027BC1028801FFF0021DDEB /* TableViewCell.swift */,
				3083FC71288017C100DC67A9 /* Assets.xcassets */,
				3083FC73288017C100DC67A9 /* LaunchScreen.storyboard */,
				3083FC76288017C100DC67A9 /* Info.plist */,
				3083FC6E288017BD00DC67A9 /* Download_image_from_url_and_fetch_in_core_data.xcdatamodeld */,
			);
			path = "Download image from url and fetch in core data";
			sourceTree = "<group>";
		};
		65F9ADB7E4CAC260BFAFA5AB /* Pods */ = {
			isa = PBXGroup;
			children = (
				A115924F7C64A085B604B3F0 /* Pods-Download image from url and fetch in core data.debug.xcconfig */,
				F1FBDD1ADA4BD84CDC902499 /* Pods-Download image from url and fetch in core data.release.xcconfig */,
			);
			path = Pods;
			sourceTree = "<group>";
		};
/* End PBXGroup section */

/* Begin PBXNativeTarget section */
		3083FC61288017BD00DC67A9 /* Download image from url and fetch in core data */ = {
			isa = PBXNativeTarget;
			buildConfigurationList = 3083FC79288017C100DC67A9 /* Build configuration list for PBXNativeTarget "Download image from url and fetch in core data" */;
			buildPhases = (
				4B594DF72862D81659B51AE8 /* [CP] Check Pods Manifest.lock */,
				3083FC5E288017BD00DC67A9 /* Sources */,
				3083FC5F288017BD00DC67A9 /* Frameworks */,
				3083FC60288017BD00DC67A9 /* Resources */,
				622DBD5DF49C0CF1CB7726F2 /* [CP] Embed Pods Frameworks */,
			);
			buildRules = (
			);
			dependencies = (
			);
			name = "Download image from url and fetch in core data";
			productName = "Download image from url and fetch in core data";
			productReference = 3083FC62288017BD00DC67A9 /* Download image from url and fetch in core data.app */;
			productType = "com.apple.product-type.application";
		};
/* End PBXNativeTarget section */

/* Begin PBXProject section */
		3083FC5A288017BD00DC67A9 /* Project object */ = {
			isa = PBXProject;
			attributes = {
				BuildIndependentTargetsInParallel = 1;
				LastSwiftUpdateCheck = 1340;
				LastUpgradeCheck = 1340;
				TargetAttributes = {
					3083FC61288017BD00DC67A9 = {
						CreatedOnToolsVersion = 13.4.1;
					};
				};
			};
			buildConfigurationList = 3083FC5D288017BD00DC67A9 /* Build configuration list for PBXProject "Download image from url and fetch in core data" */;
			compatibilityVersion = "Xcode 13.0";
			developmentRegion = en;
			hasScannedForEncodings = 0;
			knownRegions = (
				en,
				Base,
			);
			mainGroup = 3083FC59288017BD00DC67A9;
			productRefGroup = 3083FC63288017BD00DC67A9 /* Products */;
			projectDirPath = "";
			projectRoot = "";
			targets = (
				3083FC61288017BD00DC67A9 /* Download image from url and fetch in core data */,
			);
		};
/* End PBXProject section */

/* Begin PBXResourcesBuildPhase section */
		3083FC60288017BD00DC67A9 /* Resources */ = {
			isa = PBXResourcesBuildPhase;
			buildActionMask = 2147483647;
			files = (
				3083FC75288017C100DC67A9 /* LaunchScreen.storyboard in Resources */,
				3083FC72288017C100DC67A9 /* Assets.xcassets in Resources */,
				3083FC6D288017BD00DC67A9 /* Main.storyboard in Resources */,
			);
			runOnlyForDeploymentPostprocessing = 0;
		};
/* End PBXResourcesBuildPhase section */

/* Begin PBXShellScriptBuildPhase section */
		4B594DF72862D81659B51AE8 /* [CP] Check Pods Manifest.lock */ = {
			isa = PBXShellScriptBuildPhase;
			buildActionMask = 2147483647;
			files = (
			);
			inputFileListPaths = (
			);
			inputPaths = (
				"${PODS_PODFILE_DIR_PATH}/Podfile.lock",
				"${PODS_ROOT}/Manifest.lock",
			);
			name = "[CP] Check Pods Manifest.lock";
			outputFileListPaths = (
			);
			outputPaths = (
				"$(DERIVED_FILE_DIR)/Pods-Download image from url and fetch in core data-checkManifestLockResult.txt",
			);
			runOnlyForDeploymentPostprocessing = 0;
			shellPath = /bin/sh;
			shellScript = "diff \"${PODS_PODFILE_DIR_PATH}/Podfile.lock\" \"${PODS_ROOT}/Manifest.lock\" > /dev/null\nif [ $? != 0 ] ; then\n    # print error to STDERR\n    echo \"error: The sandbox is not in sync with the Podfile.lock. Run 'pod install' or update your CocoaPods installation.\" >&2\n    exit 1\nfi\n# This output is used by Xcode 'outputs' to avoid re-running this script phase.\necho \"SUCCESS\" > \"${SCRIPT_OUTPUT_FILE_0}\"\n";
			showEnvVarsInLog = 0;
		};
		622DBD5DF49C0CF1CB7726F2 /* [CP] Embed Pods Frameworks */ = {
			isa = PBXShellScriptBuildPhase;
			buildActionMask = 2147483647;
			files = (
			);
			inputFileListPaths = (
				"${PODS_ROOT}/Target Support Files/Pods-Download image from url and fetch in core data/Pods-Download image from url and fetch in core data-frameworks-${CONFIGURATION}-input-files.xcfilelist",
			);
			name = "[CP] Embed Pods Frameworks";
			outputFileListPaths = (
				"${PODS_ROOT}/Target Support Files/Pods-Download image from url and fetch in core data/Pods-Download image from url and fetch in core data-frameworks-${CONFIGURATION}-output-files.xcfilelist",
			);
			runOnlyForDeploymentPostprocessing = 0;
			shellPath = /bin/sh;
			shellScript = "\"${PODS_ROOT}/Target Support Files/Pods-Download image from url and fetch in core data/Pods-Download image from url and fetch in core data-frameworks.sh\"\n";
			showEnvVarsInLog = 0;
		};
/* End PBXShellScriptBuildPhase section */

/* Begin PBXSourcesBuildPhase section */
		3083FC5E288017BD00DC67A9 /* Sources */ = {
			isa = PBXSourcesBuildPhase;
			buildActionMask = 2147483647;
			files = (
				3083FC70288017BD00DC67A9 /* Download_image_from_url_and_fetch_in_core_data.xcdatamodeld in Sources */,
				3027BC0E28801E3E0021DDEB /* HomeData+CoreDataClass.swift in Sources */,
				3027BC0F28801E3E0021DDEB /* HomeData+CoreDataProperties.swift in Sources */,
				3083FC6A288017BD00DC67A9 /* ViewController.swift in Sources */,
				3083FC66288017BD00DC67A9 /* AppDelegate.swift in Sources */,
				3027BC1128801FFF0021DDEB /* TableViewCell.swift in Sources */,
				3083FC68288017BD00DC67A9 /* SceneDelegate.swift in Sources */,
			);
			runOnlyForDeploymentPostprocessing = 0;
		};
/* End PBXSourcesBuildPhase section */

/* Begin PBXVariantGroup section */
		3083FC6B288017BD00DC67A9 /* Main.storyboard */ = {
			isa = PBXVariantGroup;
			children = (
				3083FC6C288017BD00DC67A9 /* Base */,
			);
			name = Main.storyboard;
			sourceTree = "<group>";
		};
		3083FC73288017C100DC67A9 /* LaunchScreen.storyboard */ = {
			isa = PBXVariantGroup;
			children = (
				3083FC74288017C100DC67A9 /* Base */,
			);
			name = LaunchScreen.storyboard;
			sourceTree = "<group>";
		};
/* End PBXVariantGroup section */

/* Begin XCBuildConfiguration section */
		3083FC77288017C100DC67A9 /* Debug */ = {
			isa = XCBuildConfiguration;
			buildSettings = {
				ALWAYS_SEARCH_USER_PATHS = NO;
				CLANG_ANALYZER_NONNULL = YES;
				CLANG_ANALYZER_NUMBER_OBJECT_CONVERSION = YES_AGGRESSIVE;
				CLANG_CXX_LANGUAGE_STANDARD = "gnu++17";
				CLANG_ENABLE_MODULES = YES;
				CLANG_ENABLE_OBJC_ARC = YES;
				CLANG_ENABLE_OBJC_WEAK = YES;
				CLANG_WARN_BLOCK_CAPTURE_AUTORELEASING = YES;
				CLANG_WARN_BOOL_CONVERSION = YES;
				CLANG_WARN_COMMA = YES;
				CLANG_WARN_CONSTANT_CONVERSION = YES;
				CLANG_WARN_DEPRECATED_OBJC_IMPLEMENTATIONS = YES;
				CLANG_WARN_DIRECT_OBJC_ISA_USAGE = YES_ERROR;
				CLANG_WARN_DOCUMENTATION_COMMENTS = YES;
				CLANG_WARN_EMPTY_BODY = YES;
				CLANG_WARN_ENUM_CONVERSION = YES;
				CLANG_WARN_INFINITE_RECURSION = YES;
				CLANG_WARN_INT_CONVERSION = YES;
				CLANG_WARN_NON_LITERAL_NULL_CONVERSION = YES;
				CLANG_WARN_OBJC_IMPLICIT_RETAIN_SELF = YES;
				CLANG_WARN_OBJC_LITERAL_CONVERSION = YES;
				CLANG_WARN_OBJC_ROOT_CLASS = YES_ERROR;
				CLANG_WARN_QUOTED_INCLUDE_IN_FRAMEWORK_HEADER = YES;
				CLANG_WARN_RANGE_LOOP_ANALYSIS = YES;
				CLANG_WARN_STRICT_PROTOTYPES = YES;
				CLANG_WARN_SUSPICIOUS_MOVE = YES;
				CLANG_WARN_UNGUARDED_AVAILABILITY = YES_AGGRESSIVE;
				CLANG_WARN_UNREACHABLE_CODE = YES;
				CLANG_WARN__DUPLICATE_METHOD_MATCH = YES;
				COPY_PHASE_STRIP = NO;
				DEBUG_INFORMATION_FORMAT = dwarf;
				ENABLE_STRICT_OBJC_MSGSEND = YES;
				ENABLE_TESTABILITY = YES;
				GCC_C_LANGUAGE_STANDARD = gnu11;
				GCC_DYNAMIC_NO_PIC = NO;
				GCC_NO_COMMON_BLOCKS = YES;
				GCC_OPTIMIZATION_LEVEL = 0;
				GCC_PREPROCESSOR_DEFINITIONS = (
					"DEBUG=1",
					"$(inherited)",
				);
				GCC_WARN_64_TO_32_BIT_CONVERSION = YES;
				GCC_WARN_ABOUT_RETURN_TYPE = YES_ERROR;
				GCC_WARN_UNDECLARED_SELECTOR = YES;
				GCC_WARN_UNINITIALIZED_AUTOS = YES_AGGRESSIVE;
				GCC_WARN_UNUSED_FUNCTION = YES;
				GCC_WARN_UNUSED_VARIABLE = YES;
				IPHONEOS_DEPLOYMENT_TARGET = 15.5;
				MTL_ENABLE_DEBUG_INFO = INCLUDE_SOURCE;
				MTL_FAST_MATH = YES;
				ONLY_ACTIVE_ARCH = YES;
				SDKROOT = iphoneos;
				SWIFT_ACTIVE_COMPILATION_CONDITIONS = DEBUG;
				SWIFT_OPTIMIZATION_LEVEL = "-Onone";
			};
			name = Debug;
		};
		3083FC78288017C100DC67A9 /* Release */ = {
			isa = XCBuildConfiguration;
			buildSettings = {
				ALWAYS_SEARCH_USER_PATHS = NO;
				CLANG_ANALYZER_NONNULL = YES;
				CLANG_ANALYZER_NUMBER_OBJECT_CONVERSION = YES_AGGRESSIVE;
				CLANG_CXX_LANGUAGE_STANDARD = "gnu++17";
				CLANG_ENABLE_MODULES = YES;
				CLANG_ENABLE_OBJC_ARC = YES;
				CLANG_ENABLE_OBJC_WEAK = YES;
				CLANG_WARN_BLOCK_CAPTURE_AUTORELEASING = YES;
				CLANG_WARN_BOOL_CONVERSION = YES;
				CLANG_WARN_COMMA = YES;
				CLANG_WARN_CONSTANT_CONVERSION = YES;
				CLANG_WARN_DEPRECATED_OBJC_IMPLEMENTATIONS = YES;
				CLANG_WARN_DIRECT_OBJC_ISA_USAGE = YES_ERROR;
				CLANG_WARN_DOCUMENTATION_COMMENTS = YES;
				CLANG_WARN_EMPTY_BODY = YES;
				CLANG_WARN_ENUM_CONVERSION = YES;
				CLANG_WARN_INFINITE_RECURSION = YES;
				CLANG_WARN_INT_CONVERSION = YES;
				CLANG_WARN_NON_LITERAL_NULL_CONVERSION = YES;
				CLANG_WARN_OBJC_IMPLICIT_RETAIN_SELF = YES;
				CLANG_WARN_OBJC_LITERAL_CONVERSION = YES;
				CLANG_WARN_OBJC_ROOT_CLASS = YES_ERROR;
				CLANG_WARN_QUOTED_INCLUDE_IN_FRAMEWORK_HEADER = YES;
				CLANG_WARN_RANGE_LOOP_ANALYSIS = YES;
				CLANG_WARN_STRICT_PROTOTYPES = YES;
				CLANG_WARN_SUSPICIOUS_MOVE = YES;
				CLANG_WARN_UNGUARDED_AVAILABILITY = YES_AGGRESSIVE;
				CLANG_WARN_UNREACHABLE_CODE = YES;
				CLANG_WARN__DUPLICATE_METHOD_MATCH = YES;
				COPY_PHASE_STRIP = NO;
				DEBUG_INFORMATION_FORMAT = "dwarf-with-dsym";
				ENABLE_NS_ASSERTIONS = NO;
				ENABLE_STRICT_OBJC_MSGSEND = YES;
				GCC_C_LANGUAGE_STANDARD = gnu11;
				GCC_NO_COMMON_BLOCKS = YES;
				GCC_WARN_64_TO_32_BIT_CONVERSION = YES;
				GCC_WARN_ABOUT_RETURN_TYPE = YES_ERROR;
				GCC_WARN_UNDECLARED_SELECTOR = YES;
				GCC_WARN_UNINITIALIZED_AUTOS = YES_AGGRESSIVE;
				GCC_WARN_UNUSED_FUNCTION = YES;
				GCC_WARN_UNUSED_VARIABLE = YES;
				IPHONEOS_DEPLOYMENT_TARGET = 15.5;
				MTL_ENABLE_DEBUG_INFO = NO;
				MTL_FAST_MATH = YES;
				SDKROOT = iphoneos;
				SWIFT_COMPILATION_MODE = wholemodule;
				SWIFT_OPTIMIZATION_LEVEL = "-O";
				VALIDATE_PRODUCT = YES;
			};
			name = Release;
		};
		3083FC7A288017C100DC67A9 /* Debug */ = {
			isa = XCBuildConfiguration;
			baseConfigurationReference = A115924F7C64A085B604B3F0 /* Pods-Download image from url and fetch in core data.debug.xcconfig */;
			buildSettings = {
				ASSETCATALOG_COMPILER_APPICON_NAME = AppIcon;
				ASSETCATALOG_COMPILER_GLOBAL_ACCENT_COLOR_NAME = AccentColor;
				CODE_SIGN_STYLE = Automatic;
				CURRENT_PROJECT_VERSION = 1;
				DEVELOPMENT_TEAM = 9A2A49DNMZ;
				GENERATE_INFOPLIST_FILE = YES;
				INFOPLIST_FILE = "Download image from url and fetch in core data/Info.plist";
				INFOPLIST_KEY_UIApplicationSupportsIndirectInputEvents = YES;
				INFOPLIST_KEY_UILaunchStoryboardName = LaunchScreen;
				INFOPLIST_KEY_UIMainStoryboardFile = Main;
				INFOPLIST_KEY_UISupportedInterfaceOrientations_iPad = "UIInterfaceOrientationPortrait UIInterfaceOrientationPortraitUpsideDown UIInterfaceOrientationLandscapeLeft UIInterfaceOrientationLandscapeRight";
				INFOPLIST_KEY_UISupportedInterfaceOrientations_iPhone = "UIInterfaceOrientationPortrait UIInterfaceOrientationLandscapeLeft UIInterfaceOrientationLandscapeRight";
				LD_RUNPATH_SEARCH_PATHS = (
					"$(inherited)",
					"@executable_path/Frameworks",
				);
				MARKETING_VERSION = 1.0;
				PRODUCT_BUNDLE_IDENTIFIER = "Mohit-Andhare.Download-image-from-url-and-fetch-in-core-data";
				PRODUCT_NAME = "$(TARGET_NAME)";
				SWIFT_EMIT_LOC_STRINGS = YES;
				SWIFT_VERSION = 5.0;
				TARGETED_DEVICE_FAMILY = "1,2";
			};
			name = Debug;
		};
		3083FC7B288017C100DC67A9 /* Release */ = {
			isa = XCBuildConfiguration;
			baseConfigurationReference = F1FBDD1ADA4BD84CDC902499 /* Pods-Download image from url and fetch in core data.release.xcconfig */;
			buildSettings = {
				ASSETCATALOG_COMPILER_APPICON_NAME = AppIcon;
				ASSETCATALOG_COMPILER_GLOBAL_ACCENT_COLOR_NAME = AccentColor;
				CODE_SIGN_STYLE = Automatic;
				CURRENT_PROJECT_VERSION = 1;
				DEVELOPMENT_TEAM = 9A2A49DNMZ;
				GENERATE_INFOPLIST_FILE = YES;
				INFOPLIST_FILE = "Download image from url and fetch in core data/Info.plist";
				INFOPLIST_KEY_UIApplicationSupportsIndirectInputEvents = YES;
				INFOPLIST_KEY_UILaunchStoryboardName = LaunchScreen;
				INFOPLIST_KEY_UIMainStoryboardFile = Main;
				INFOPLIST_KEY_UISupportedInterfaceOrientations_iPad = "UIInterfaceOrientationPortrait UIInterfaceOrientationPortraitUpsideDown UIInterfaceOrientationLandscapeLeft UIInterfaceOrientationLandscapeRight";
				INFOPLIST_KEY_UISupportedInterfaceOrientations_iPhone = "UIInterfaceOrientationPortrait UIInterfaceOrientationLandscapeLeft UIInterfaceOrientationLandscapeRight";
				LD_RUNPATH_SEARCH_PATHS = (
					"$(inherited)",
					"@executable_path/Frameworks",
				);
				MARKETING_VERSION = 1.0;
				PRODUCT_BUNDLE_IDENTIFIER = "Mohit-Andhare.Download-image-from-url-and-fetch-in-core-data";
				PRODUCT_NAME = "$(TARGET_NAME)";
				SWIFT_EMIT_LOC_STRINGS = YES;
				SWIFT_VERSION = 5.0;
				TARGETED_DEVICE_FAMILY = "1,2";
			};
			name = Release;
		};
/* End XCBuildConfiguration section */

/* Begin XCConfigurationList section */
		3083FC5D288017BD00DC67A9 /* Build configuration list for PBXProject "Download image from url and fetch in core data" */ = {
			isa = XCConfigurationList;
			buildConfigurations = (
				3083FC77288017C100DC67A9 /* Debug */,
				3083FC78288017C100DC67A9 /* Release */,
			);
			defaultConfigurationIsVisible = 0;
			defaultConfigurationName = Release;
		};
		3083FC79288017C100DC67A9 /* Build configuration list for PBXNativeTarget "Download image from url and fetch in core data" */ = {
			isa = XCConfigurationList;
			buildConfigurations = (
				3083FC7A288017C100DC67A9 /* Debug */,
				3083FC7B288017C100DC67A9 /* Release */,
			);
			defaultConfigurationIsVisible = 0;
			defaultConfigurationName = Release;
		};
/* End XCConfigurationList section */

/* Begin XCVersionGroup section */
		3083FC6E288017BD00DC67A9 /* Download_image_from_url_and_fetch_in_core_data.xcdatamodeld */ = {
			isa = XCVersionGroup;
			children = (
				3083FC6F288017BD00DC67A9 /* Download_image_from_url_and_fetch_in_core_data.xcdatamodel */,
			);
			currentVersion = 3083FC6F288017BD00DC67A9 /* Download_image_from_url_and_fetch_in_core_data.xcdatamodel */;
			path = Download_image_from_url_and_fetch_in_core_data.xcdatamodeld;
			sourceTree = "<group>";
			versionGroupType = wrapper.xcdatamodel;
		};
/* End XCVersionGroup section */
	};
	rootObject = 3083FC5A288017BD00DC67A9 /* Project object */;
}
